
Microsoft Visual Studio Solution File, Format Version 12.00
# Visual Studio Version 16
VisualStudioVersion = 16.0.31402.337
MinimumVisualStudioVersion = 10.0.40219.1
Project("{FAE04EC0-301F-11D3-BF4B-00C04F79EFBC}") = "dotnet-test-project", "dotnet-test-project.csproj", "{A66565CF-E052-42B3-9468-70C6F6C0567E}"
EndProject
Global
	GlobalSection(SolutionConfigurationPlatforms) = preSolution
		Debug|Any CPU = Debug|Any CPU
		Release|Any CPU = Release|Any CPU
	EndGlobalSection
	GlobalSection(ProjectConfigurationPlatforms) = postSolution
		{A66565CF-E052-42B3-9468-70C6F6C0567E}.Debug|Any CPU.ActiveCfg = Debug|Any CPU
		{A66565CF-E052-42B3-9468-70C6F6C0567E}.Debug|Any CPU.Build.0 = Debug|Any CPU
		{A66565CF-E052-42B3-9468-70C6F6C0567E}.Release|Any CPU.ActiveCfg = Release|Any CPU
		{A66565CF-E052-42B3-9468-70C6F6C0567E}.Release|Any CPU.Build.0 = Release|Any CPU
	EndGlobalSection
	GlobalSection(SolutionProperties) = preSolution
		HideSolutionNode = FALSE
	EndGlobalSection
	GlobalSection(ExtensibilityGlobals) = postSolution
		SolutionGuid = {5DFA05AF-C3D4-4F08-AE40-B17C42E49631}
	EndGlobalSection
EndGlobal
